
Microsoft Visual Studio Solution File, Format Version 12.00
# Visual Studio Version 17
VisualStudioVersion = 17.2.32616.157
MinimumVisualStudioVersion = 10.0.40219.1
Project("{2150E333-8FDC-42A3-9474-1A3956D46DE8}") = "Frameworks", "Frameworks", "{C33E4AE4-0FC5-43AC-95D9-C7C4C216E57A}"
EndProject
Project("{2150E333-8FDC-42A3-9474-1A3956D46DE8}") = "Gateway", "Gateway", "{91771C79-37A1-4F66-8084-894134B70CDF}"
EndProject
Project("{2150E333-8FDC-42A3-9474-1A3956D46DE8}") = "Microservices", "Microservices", "{5F52828D-13F9-4EA9-81F4-1111886AA52C}"
EndProject
Project("{9A19103F-16F7-4668-BE54-9A1E7A4F7556}") = "Framework.ASP.Extensions", "Framework.ASP.Extensions\Framework.ASP.Extensions.csproj", "{6BD366A8-9F3A-4BE8-A9FE-A381BBEAD59C}"
EndProject
Project("{9A19103F-16F7-4668-BE54-9A1E7A4F7556}") = "Framework.ASP.Middlewares", "Framework.ASP.Middlewares\Framework.ASP.Middlewares.csproj", "{6E6E82C3-A141-42D6-9E37-8FBCAF4715A3}"
EndProject
Project("{9A19103F-16F7-4668-BE54-9A1E7A4F7556}") = "Framework.Base", "Framework.Base\Framework.Base.csproj", "{9F05EFEE-7FA5-4AAA-B211-5879DE40BF33}"
EndProject
Project("{9A19103F-16F7-4668-BE54-9A1E7A4F7556}") = "Framework.Model", "Framework.Model\Framework.Model.csproj", "{61B10B6F-8C51-485A-B322-C9D846971CF6}"
EndProject
Project("{9A19103F-16F7-4668-BE54-9A1E7A4F7556}") = "Gateway.Web", "Gateway.Web\Gateway.Web.csproj", "{47A47963-A993-4598-904A-451AF95AC1C8}"
EndProject
Project("{9A19103F-16F7-4668-BE54-9A1E7A4F7556}") = "Gateway.Mobile", "Gateway.Mobile\Gateway.Mobile.csproj", "{52822558-658B-4C7A-B01A-6F363B47FBF2}"
EndProject
Project("{2150E333-8FDC-42A3-9474-1A3956D46DE8}") = "Modules", "Modules", "{144EEF5A-B71A-47F5-98A6-B6ABEC87C1C1}"
EndProject
Project("{2150E333-8FDC-42A3-9474-1A3956D46DE8}") = "Customers", "Customers", "{A6D17FE5-BC2A-4B1F-81C0-3E5314414ABA}"
EndProject
Project("{9A19103F-16F7-4668-BE54-9A1E7A4F7556}") = "Customer.API", "Customer.API\Customer.API.csproj", "{575846C8-2EBD-4FA0-A14B-9206655A8741}"
EndProject
Project("{2150E333-8FDC-42A3-9474-1A3956D46DE8}") = "API", "API", "{34BBCCF9-F902-41C8-9B08-D9BF932E76DD}"
EndProject
Project("{2150E333-8FDC-42A3-9474-1A3956D46DE8}") = "Database", "Database", "{6993F3C4-F2A3-4A88-A5A9-636A7996F172}"
EndProject
Project("{2150E333-8FDC-42A3-9474-1A3956D46DE8}") = "Test", "Test", "{D1637017-13B9-44E4-9FB8-A2E57DA85A1A}"
EndProject
Project("{00D1A9C2-B5F0-4AF3-8072-F6C62B433612}") = "Customer.DB", "Customer.DB\Customer.DB.sqlproj", "{A0D41502-4C9D-4846-AA9C-D649888381B2}"
EndProject
Project("{9A19103F-16F7-4668-BE54-9A1E7A4F7556}") = "Customer.API.UnitTest", "Customer.API.UnitTest\Customer.API.UnitTest.csproj", "{EAB8E90A-8537-4FA6-8B66-8870A9F00F13}"
EndProject
Project("{E53339B2-1760-4266-BCC7-CA923CBCF16C}") = "docker-compose", "docker-compose.dcproj", "{9494D799-CC87-4ECB-B9FD-F98EEB05C39B}"
EndProject
Project("{9A19103F-16F7-4668-BE54-9A1E7A4F7556}") = "Framework.HangFire.MediatR.Extension", "Framework.HangFire.MediatR\Framework.HangFire.MediatR.Extension.csproj", "{7173F127-40C4-4170-9127-6A27D338A7AB}"
EndProject
Project("{9A19103F-16F7-4668-BE54-9A1E7A4F7556}") = "Framework.RabbitMQ.Extension", "Framework.RabbitMQ.Extension\Framework.RabbitMQ.Extension.csproj", "{BAA110FF-B1A5-4993-85BC-363676D4BF3D}"
EndProject
Project("{9A19103F-16F7-4668-BE54-9A1E7A4F7556}") = "Framework.State.EventPublisher", "Framework.State.EventPublisher\Framework.State.EventPublisher.csproj", "{8DB3466B-1011-4B75-B1C8-68CA4324967C}"
EndProject
Global
	GlobalSection(SolutionConfigurationPlatforms) = preSolution
		Debug|Any CPU = Debug|Any CPU
		Release|Any CPU = Release|Any CPU
	EndGlobalSection
	GlobalSection(ProjectConfigurationPlatforms) = postSolution
		{6BD366A8-9F3A-4BE8-A9FE-A381BBEAD59C}.Debug|Any CPU.ActiveCfg = Debug|Any CPU
		{6BD366A8-9F3A-4BE8-A9FE-A381BBEAD59C}.Debug|Any CPU.Build.0 = Debug|Any CPU
		{6BD366A8-9F3A-4BE8-A9FE-A381BBEAD59C}.Release|Any CPU.ActiveCfg = Release|Any CPU
		{6BD366A8-9F3A-4BE8-A9FE-A381BBEAD59C}.Release|Any CPU.Build.0 = Release|Any CPU
		{6E6E82C3-A141-42D6-9E37-8FBCAF4715A3}.Debug|Any CPU.ActiveCfg = Debug|Any CPU
		{6E6E82C3-A141-42D6-9E37-8FBCAF4715A3}.Debug|Any CPU.Build.0 = Debug|Any CPU
		{6E6E82C3-A141-42D6-9E37-8FBCAF4715A3}.Release|Any CPU.ActiveCfg = Release|Any CPU
		{6E6E82C3-A141-42D6-9E37-8FBCAF4715A3}.Release|Any CPU.Build.0 = Release|Any CPU
		{9F05EFEE-7FA5-4AAA-B211-5879DE40BF33}.Debug|Any CPU.ActiveCfg = Debug|Any CPU
		{9F05EFEE-7FA5-4AAA-B211-5879DE40BF33}.Debug|Any CPU.Build.0 = Debug|Any CPU
		{9F05EFEE-7FA5-4AAA-B211-5879DE40BF33}.Release|Any CPU.ActiveCfg = Release|Any CPU
		{9F05EFEE-7FA5-4AAA-B211-5879DE40BF33}.Release|Any CPU.Build.0 = Release|Any CPU
		{61B10B6F-8C51-485A-B322-C9D846971CF6}.Debug|Any CPU.ActiveCfg = Debug|Any CPU
		{61B10B6F-8C51-485A-B322-C9D846971CF6}.Debug|Any CPU.Build.0 = Debug|Any CPU
		{61B10B6F-8C51-485A-B322-C9D846971CF6}.Release|Any CPU.ActiveCfg = Release|Any CPU
		{61B10B6F-8C51-485A-B322-C9D846971CF6}.Release|Any CPU.Build.0 = Release|Any CPU
		{47A47963-A993-4598-904A-451AF95AC1C8}.Debug|Any CPU.ActiveCfg = Debug|Any CPU
		{47A47963-A993-4598-904A-451AF95AC1C8}.Debug|Any CPU.Build.0 = Debug|Any CPU
		{47A47963-A993-4598-904A-451AF95AC1C8}.Release|Any CPU.ActiveCfg = Release|Any CPU
		{47A47963-A993-4598-904A-451AF95AC1C8}.Release|Any CPU.Build.0 = Release|Any CPU
		{52822558-658B-4C7A-B01A-6F363B47FBF2}.Debug|Any CPU.ActiveCfg = Debug|Any CPU
		{52822558-658B-4C7A-B01A-6F363B47FBF2}.Debug|Any CPU.Build.0 = Debug|Any CPU
		{52822558-658B-4C7A-B01A-6F363B47FBF2}.Release|Any CPU.ActiveCfg = Release|Any CPU
		{52822558-658B-4C7A-B01A-6F363B47FBF2}.Release|Any CPU.Build.0 = Release|Any CPU
		{575846C8-2EBD-4FA0-A14B-9206655A8741}.Debug|Any CPU.ActiveCfg = Debug|Any CPU
		{575846C8-2EBD-4FA0-A14B-9206655A8741}.Debug|Any CPU.Build.0 = Debug|Any CPU
		{575846C8-2EBD-4FA0-A14B-9206655A8741}.Release|Any CPU.ActiveCfg = Release|Any CPU
		{575846C8-2EBD-4FA0-A14B-9206655A8741}.Release|Any CPU.Build.0 = Release|Any CPU
		{A0D41502-4C9D-4846-AA9C-D649888381B2}.Debug|Any CPU.ActiveCfg = Debug|Any CPU
		{A0D41502-4C9D-4846-AA9C-D649888381B2}.Debug|Any CPU.Build.0 = Debug|Any CPU
		{A0D41502-4C9D-4846-AA9C-D649888381B2}.Debug|Any CPU.Deploy.0 = Debug|Any CPU
		{A0D41502-4C9D-4846-AA9C-D649888381B2}.Release|Any CPU.ActiveCfg = Release|Any CPU
		{A0D41502-4C9D-4846-AA9C-D649888381B2}.Release|Any CPU.Build.0 = Release|Any CPU
		{A0D41502-4C9D-4846-AA9C-D649888381B2}.Release|Any CPU.Deploy.0 = Release|Any CPU
		{EAB8E90A-8537-4FA6-8B66-8870A9F00F13}.Debug|Any CPU.ActiveCfg = Debug|Any CPU
		{EAB8E90A-8537-4FA6-8B66-8870A9F00F13}.Debug|Any CPU.Build.0 = Debug|Any CPU
		{EAB8E90A-8537-4FA6-8B66-8870A9F00F13}.Release|Any CPU.ActiveCfg = Release|Any CPU
		{EAB8E90A-8537-4FA6-8B66-8870A9F00F13}.Release|Any CPU.Build.0 = Release|Any CPU
		{9494D799-CC87-4ECB-B9FD-F98EEB05C39B}.Debug|Any CPU.ActiveCfg = Debug|Any CPU
		{9494D799-CC87-4ECB-B9FD-F98EEB05C39B}.Debug|Any CPU.Build.0 = Debug|Any CPU
		{9494D799-CC87-4ECB-B9FD-F98EEB05C39B}.Release|Any CPU.ActiveCfg = Release|Any CPU
		{9494D799-CC87-4ECB-B9FD-F98EEB05C39B}.Release|Any CPU.Build.0 = Release|Any CPU
		{7173F127-40C4-4170-9127-6A27D338A7AB}.Debug|Any CPU.ActiveCfg = Debug|Any CPU
		{7173F127-40C4-4170-9127-6A27D338A7AB}.Debug|Any CPU.Build.0 = Debug|Any CPU
		{7173F127-40C4-4170-9127-6A27D338A7AB}.Release|Any CPU.ActiveCfg = Release|Any CPU
		{7173F127-40C4-4170-9127-6A27D338A7AB}.Release|Any CPU.Build.0 = Release|Any CPU
		{BAA110FF-B1A5-4993-85BC-363676D4BF3D}.Debug|Any CPU.ActiveCfg = Debug|Any CPU
		{BAA110FF-B1A5-4993-85BC-363676D4BF3D}.Debug|Any CPU.Build.0 = Debug|Any CPU
		{BAA110FF-B1A5-4993-85BC-363676D4BF3D}.Release|Any CPU.ActiveCfg = Release|Any CPU
		{BAA110FF-B1A5-4993-85BC-363676D4BF3D}.Release|Any CPU.Build.0 = Release|Any CPU
		{8DB3466B-1011-4B75-B1C8-68CA4324967C}.Debug|Any CPU.ActiveCfg = Debug|Any CPU
		{8DB3466B-1011-4B75-B1C8-68CA4324967C}.Debug|Any CPU.Build.0 = Debug|Any CPU
		{8DB3466B-1011-4B75-B1C8-68CA4324967C}.Release|Any CPU.ActiveCfg = Release|Any CPU
		{8DB3466B-1011-4B75-B1C8-68CA4324967C}.Release|Any CPU.Build.0 = Release|Any CPU
	EndGlobalSection
	GlobalSection(SolutionProperties) = preSolution
		HideSolutionNode = FALSE
	EndGlobalSection
	GlobalSection(NestedProjects) = preSolution
		{6BD366A8-9F3A-4BE8-A9FE-A381BBEAD59C} = {C33E4AE4-0FC5-43AC-95D9-C7C4C216E57A}
		{6E6E82C3-A141-42D6-9E37-8FBCAF4715A3} = {C33E4AE4-0FC5-43AC-95D9-C7C4C216E57A}
		{9F05EFEE-7FA5-4AAA-B211-5879DE40BF33} = {C33E4AE4-0FC5-43AC-95D9-C7C4C216E57A}
		{61B10B6F-8C51-485A-B322-C9D846971CF6} = {C33E4AE4-0FC5-43AC-95D9-C7C4C216E57A}
		{47A47963-A993-4598-904A-451AF95AC1C8} = {91771C79-37A1-4F66-8084-894134B70CDF}
		{52822558-658B-4C7A-B01A-6F363B47FBF2} = {91771C79-37A1-4F66-8084-894134B70CDF}
		{144EEF5A-B71A-47F5-98A6-B6ABEC87C1C1} = {5F52828D-13F9-4EA9-81F4-1111886AA52C}
		{A6D17FE5-BC2A-4B1F-81C0-3E5314414ABA} = {144EEF5A-B71A-47F5-98A6-B6ABEC87C1C1}
		{575846C8-2EBD-4FA0-A14B-9206655A8741} = {34BBCCF9-F902-41C8-9B08-D9BF932E76DD}
		{34BBCCF9-F902-41C8-9B08-D9BF932E76DD} = {A6D17FE5-BC2A-4B1F-81C0-3E5314414ABA}
		{6993F3C4-F2A3-4A88-A5A9-636A7996F172} = {A6D17FE5-BC2A-4B1F-81C0-3E5314414ABA}
		{D1637017-13B9-44E4-9FB8-A2E57DA85A1A} = {A6D17FE5-BC2A-4B1F-81C0-3E5314414ABA}
		{A0D41502-4C9D-4846-AA9C-D649888381B2} = {6993F3C4-F2A3-4A88-A5A9-636A7996F172}
		{EAB8E90A-8537-4FA6-8B66-8870A9F00F13} = {D1637017-13B9-44E4-9FB8-A2E57DA85A1A}
		{7173F127-40C4-4170-9127-6A27D338A7AB} = {C33E4AE4-0FC5-43AC-95D9-C7C4C216E57A}
		{BAA110FF-B1A5-4993-85BC-363676D4BF3D} = {C33E4AE4-0FC5-43AC-95D9-C7C4C216E57A}
		{8DB3466B-1011-4B75-B1C8-68CA4324967C} = {C33E4AE4-0FC5-43AC-95D9-C7C4C216E57A}
	EndGlobalSection
	GlobalSection(ExtensibilityGlobals) = postSolution
		SolutionGuid = {D3B54A47-3933-40EA-AA9F-27BED822BBF0}
	EndGlobalSection
EndGlobal
